
Microsoft Visual Studio Solution File, Format Version 12.00
# Visual Studio Version 16
VisualStudioVersion = 16.0.31729.503
MinimumVisualStudioVersion = 10.0.40219.1
Project("{FAE04EC0-301F-11D3-BF4B-00C04F79EFBC}") = "SaveState", "SavePanel\SaveState.csproj", "{D68459FE-2EF0-4835-ADCC-80F3208F6340}"
EndProject
Project("{2150E333-8FDC-42A3-9474-1A3956D46DE8}") = "Solution Items", "Solution Items", "{B292FB0E-26F6-47EF-893F-B7679E8D978F}"
	ProjectSection(SolutionItems) = preProject
		icon.png = icon.png
		manifest.json = manifest.json
		README.md = README.md
	EndProjectSection
EndProject
Global
	GlobalSection(SolutionConfigurationPlatforms) = preSolution
		Debug|Any CPU = Debug|Any CPU
		Release|Any CPU = Release|Any CPU
	EndGlobalSection
	GlobalSection(ProjectConfigurationPlatforms) = postSolution
		{D68459FE-2EF0-4835-ADCC-80F3208F6340}.Debug|Any CPU.ActiveCfg = Debug|Any CPU
		{D68459FE-2EF0-4835-ADCC-80F3208F6340}.Debug|Any CPU.Build.0 = Debug|Any CPU
		{D68459FE-2EF0-4835-ADCC-80F3208F6340}.Release|Any CPU.ActiveCfg = Release|Any CPU
		{D68459FE-2EF0-4835-ADCC-80F3208F6340}.Release|Any CPU.Build.0 = Release|Any CPU
	EndGlobalSection
	GlobalSection(SolutionProperties) = preSolution
		HideSolutionNode = FALSE
	EndGlobalSection
	GlobalSection(ExtensibilityGlobals) = postSolution
		SolutionGuid = {EEDE6ED1-AB4D-4DF7-A7F5-38C41133D765}
	EndGlobalSection
EndGlobal
